{
  "version": 4,
  "terraform_version": "1.5.7",
  "serial": 29,
  "lineage": "282b9631-22e2-46a3-fbfa-d9b9d134c335",
  "outputs": {
    "gke_cluster_endpoint": {
      "value": "34.46.227.216",
      "type": "string"
    },
    "gke_cluster_name": {
      "value": "alfavox-cluster",
      "type": "string"
    },
    "gke_cluster_region": {
      "value": "us-central1-a",
      "type": "string"
    }
  },
  "resources": [
    {
      "mode": "managed",
      "type": "google_container_cluster",
      "name": "alfavox_cluster",
      "provider": "provider[\"registry.terraform.io/hashicorp/google\"]",
      "instances": [
        {
          "schema_version": 1,
          "attributes": {
            "addons_config": [
              {
                "cloudrun_config": [],
                "config_connector_config": [],
                "dns_cache_config": [],
                "gce_persistent_disk_csi_driver_config": [
                  {
                    "enabled": true
                  }
                ],
                "gcp_filestore_csi_driver_config": [],
                "gcs_fuse_csi_driver_config": [],
                "gke_backup_agent_config": [],
                "horizontal_pod_autoscaling": [],
                "http_load_balancing": [],
                "network_policy_config": [
                  {
                    "disabled": true
                  }
                ]
              }
            ],
            "allow_net_admin": null,
            "authenticator_groups_config": [],
            "binary_authorization": [
              {
                "enabled": false,
                "evaluation_mode": ""
              }
            ],
            "cluster_autoscaling": [
              {
                "auto_provisioning_defaults": [
                  {
                    "boot_disk_kms_key": "",
                    "disk_size": 0,
                    "disk_type": "",
                    "image_type": "COS_CONTAINERD",
                    "management": [
                      {
                        "auto_repair": true,
                        "auto_upgrade": true,
                        "upgrade_options": []
                      }
                    ],
                    "min_cpu_platform": "",
                    "oauth_scopes": [
                      "https://www.googleapis.com/auth/devstorage.read_only",
                      "https://www.googleapis.com/auth/logging.write",
                      "https://www.googleapis.com/auth/monitoring",
                      "https://www.googleapis.com/auth/service.management.readonly",
                      "https://www.googleapis.com/auth/servicecontrol",
                      "https://www.googleapis.com/auth/trace.append"
                    ],
                    "service_account": "default",
                    "shielded_instance_config": [],
                    "upgrade_settings": []
                  }
                ],
                "enabled": true,
                "resource_limits": [
                  {
                    "maximum": 4,
                    "minimum": 1,
                    "resource_type": "cpu"
                  },
                  {
                    "maximum": 16,
                    "minimum": 4,
                    "resource_type": "memory"
                  }
                ]
              }
            ],
            "cluster_ipv4_cidr": "10.40.0.0/14",
            "confidential_nodes": [],
            "cost_management_config": [],
            "database_encryption": [
              {
                "key_name": "",
                "state": "DECRYPTED"
              }
            ],
            "datapath_provider": "",
            "default_max_pods_per_node": null,
            "default_snat_status": [
              {
                "disabled": false
              }
            ],
            "description": "",
            "dns_config": [],
            "enable_autopilot": false,
            "enable_binary_authorization": false,
            "enable_intranode_visibility": false,
            "enable_k8s_beta_apis": [],
            "enable_kubernetes_alpha": false,
            "enable_l4_ilb_subsetting": false,
            "enable_legacy_abac": false,
            "enable_shielded_nodes": false,
            "enable_tpu": false,
            "endpoint": "34.46.227.216",
            "gateway_api_config": [],
            "id": "projects/alfa-vox-portfolio/locations/us-central1-a/clusters/alfavox-cluster",
            "initial_node_count": 1,
            "ip_allocation_policy": [],
            "label_fingerprint": "a9dc16a7",
            "location": "us-central1-a",
            "logging_config": [
              {
                "enable_components": [
                  "SYSTEM_COMPONENTS",
                  "WORKLOADS"
                ]
              }
            ],
            "logging_service": "logging.googleapis.com/kubernetes",
            "maintenance_policy": [],
            "master_auth": [
              {
                "client_certificate": "",
                "client_certificate_config": [
                  {
                    "issue_client_certificate": false
                  }
                ],
                "client_key": "",
                "cluster_ca_certificate": "LS0tLS1CRUdJTiBDRVJUSUZJQ0FURS0tLS0tCk1JSUVMRENDQXBTZ0F3SUJBZ0lRS0xmSkI1WTd1MFBvS1FrWGRMNkZNREFOQmdrcWhraUc5dzBCQVFzRkFEQXYKTVMwd0t3WURWUVFERXlRME16azVPVGt6T0MxbVpUQTRMVFEzTXpFdFlqY3pOaTB5Tm1JM1pEWmlPRGswWkRBdwpJQmNOTWpVeE1ESTJNVE13TWpJNFdoZ1BNakExTlRFd01Ua3hOREF5TWpoYU1DOHhMVEFyQmdOVkJBTVRKRFF6Ck9UazVPVE00TFdabE1EZ3RORGN6TVMxaU56TTJMVEkyWWpka05tSTRPVFJrTURDQ0FhSXdEUVlKS29aSWh2Y04KQVFFQkJRQURnZ0dQQURDQ0FZb0NnZ0dCQUxBcWZxZzJIN0FnU0N6SjZUQXl6Uk5XczB2VmZVYy9yK1ZudlB2NQpkK2h6cGNQTllBN0ZmTVVHd2dROHVKaDRNUW1vc0xVRWtMSzhpTEhSUS9ES0M5ODdPT3pEYndzdElNYVJhMFNkCnZxV2hVdHkrenpDa2dnUDJjcGVrSDZJdCt3RkRFcEhsZzIxd1JGOXFVeGVMNjBacGc2ZGd0V042UHJmNnQ0NGMKejVxdWhUR1pxaUJPVHVjb1JSWTlycXE3YnJqWnFrbG5LRS9FRWFSL1IvM0c5SStrRlBQRVhVNWE4OE1NODVrRwpXQTBoM2loMlZaT3BRWjl3ZVA5VlM5YU9jOUYzR2NoSDVLVkl4NmhQRURkMXB4elVxbko2bjdaMFg2cVU4ci93CjkzckVTd0JWTHlXdnArM2hqNmVNdVByUTVZYXdYZEc4bUNKNEhiRDExWkVtcW5malFqdW5weEowMmpXcERSNDkKdVFrVG1ZeTllaXZ1LzlOR1dlMGRXOVZ5TENsZmtRNlppUVRVbWdIVWM5cWdDR2YzVmFKVnc2dmJBejdnZ0U0Mgp0RTFPb1J5L0pTdHBEUHp0dzNwcndJakNrSlNYcEFpWFZjWDlyMWp2ZHpmYi9OSll5Skp2blZtRGJiVEp5TEg3ClcyVEpTWi8xU2Y4NUF1ZVdQaklDTlpHVzJRSURBUUFCbzBJd1FEQU9CZ05WSFE4QkFmOEVCQU1DQWdRd0R3WUQKVlIwVEFRSC9CQVV3QXdFQi96QWRCZ05WSFE0RUZnUVVEanduTmtHOXBlN2NxaktTa1dVVk9EMHVFbjh3RFFZSgpLb1pJaHZjTkFRRUxCUUFEZ2dHQkFFdUFWTGRHOEZtMHZMb1FaQ3BBMGx4ZEVuVVBFMDVRVitHRC95UXZSOUYyCnJwUC9VSkVXMStDTnkxRUNBcWRQcVZvUXZxdktuWmx1cVRYNFVNRnMwcmVrRG5jLy9WaStnNHZOOXk3VGlib08KeDJka1J4Rnl6cnEyZkJYamNwTTU2M0JpKzQ3TUR1NkZQK1FHdWNFTm9DUE80RlJOcjVTS1p0ZTUrcUV2REY2ZwptT0VlNXhEdm9sMjFyWjNtdzI3cUlKNVE0SWpFb25jQmd5R3lqNVVXUkltWTRyNlA5Y2lmYzZaSHRJd2luUy90CkMzb0tZWEpTZDZhLzFBRXczSlFocStBQ09iSkhBOGxwSDBnazR0cTFpOUNKVHhqWUFmajhDL0xBRDBsYWtiSCsKampnalJkVUJZdnZ3U0t3anJmVjk3U1FaUkFsYU9YanZWL25LSmpTS1djN0xWR0w3UmxlekQ0WUNBWTZrNmw1agpvTU1JK2RnemtocmtPK2ZjN2N5UlY3dWFmRjFaYmxGeVJ0aGpYcWoyOVRQeDlBaFFScEZBTmNDRk1jeFdHT3p0Clo5ZHpwZmw5UWVZTU5CZU5iKzZ5OFFvVXRPdmVlMmNSQUZOZGlQbGpKQ2EvRzZjZTkwSVhSdGwrdG1ueGxoRG4KZkxVMUJHK0QxblRHZ3VCZU5yejFrZz09Ci0tLS0tRU5EIENFUlRJRklDQVRFLS0tLS0K"
              }
            ],
            "master_authorized_networks_config": [],
            "master_version": "1.33.5-gke.1080000",
            "mesh_certificates": [],
            "min_master_version": null,
            "monitoring_config": [
              {
                "advanced_datapath_observability_config": [
                  {
                    "enable_metrics": false,
                    "relay_mode": ""
                  }
                ],
                "enable_components": [
                  "SYSTEM_COMPONENTS",
                  "STATEFULSET",
                  "JOBSET",
                  "STORAGE",
                  "HPA",
                  "POD",
                  "DAEMONSET",
                  "DEPLOYMENT",
                  "CADVISOR",
                  "KUBELET",
                  "DCGM"
                ],
                "managed_prometheus": [
                  {
                    "enabled": true
                  }
                ]
              }
            ],
            "monitoring_service": "monitoring.googleapis.com/kubernetes",
            "name": "alfavox-cluster",
            "network": "projects/alfa-vox-portfolio/global/networks/default",
            "network_policy": [
              {
                "enabled": false,
                "provider": "PROVIDER_UNSPECIFIED"
              }
            ],
            "networking_mode": "ROUTES",
            "node_config": [
              {
                "advanced_machine_features": [],
                "boot_disk_kms_key": "",
                "confidential_nodes": [],
                "disk_size_gb": 50,
                "disk_type": "pd-balanced",
                "ephemeral_storage_local_ssd_config": [],
                "fast_socket": [],
                "gcfs_config": [],
                "guest_accelerator": [],
                "gvnic": [],
                "host_maintenance_policy": [],
                "image_type": "COS_CONTAINERD",
                "kubelet_config": [
                  {
                    "cpu_cfs_quota": false,
                    "cpu_cfs_quota_period": "",
                    "cpu_manager_policy": "",
                    "pod_pids_limit": 0
                  }
                ],
                "labels": {
                  "environment": "production",
                  "workload": "backend"
                },
                "linux_node_config": [],
                "local_nvme_ssd_block_config": [],
                "local_ssd_count": 0,
                "logging_variant": "DEFAULT",
                "machine_type": "e2-standard-4",
                "metadata": {
                  "disable-legacy-endpoints": "true"
                },
                "min_cpu_platform": "",
                "node_group": "",
                "oauth_scopes": [
                  "https://www.googleapis.com/auth/cloud-platform"
                ],
                "preemptible": false,
                "reservation_affinity": [],
                "resource_labels": {
                  "goog-gke-node-pool-provisioning-model": "on-demand"
                },
                "service_account": "default",
                "shielded_instance_config": [
                  {
                    "enable_integrity_monitoring": true,
                    "enable_secure_boot": false
                  }
                ],
                "sole_tenant_config": [],
                "spot": false,
                "tags": null,
                "taint": [],
                "workload_metadata_config": []
              }
            ],
            "node_locations": [],
            "node_pool": [
              {
                "autoscaling": [],
                "initial_node_count": 1,
                "instance_group_urls": [
                  "https://www.googleapis.com/compute/v1/projects/alfa-vox-portfolio/zones/us-central1-a/instanceGroupManagers/gke-alfavox-cluster-default-pool-bb46e879-grp"
                ],
                "managed_instance_group_urls": [
                  "https://www.googleapis.com/compute/v1/projects/alfa-vox-portfolio/zones/us-central1-a/instanceGroups/gke-alfavox-cluster-default-pool-bb46e879-grp"
                ],
                "management": [
                  {
                    "auto_repair": true,
                    "auto_upgrade": true
                  }
                ],
                "max_pods_per_node": 0,
                "name": "default-pool",
                "name_prefix": "",
                "network_config": [],
                "node_config": [
                  {
                    "advanced_machine_features": [],
                    "boot_disk_kms_key": "",
                    "confidential_nodes": [],
                    "disk_size_gb": 50,
                    "disk_type": "pd-balanced",
                    "ephemeral_storage_local_ssd_config": [],
                    "fast_socket": [],
                    "gcfs_config": [],
                    "guest_accelerator": [],
                    "gvnic": [],
                    "host_maintenance_policy": [],
                    "image_type": "COS_CONTAINERD",
                    "kubelet_config": [
                      {
                        "cpu_cfs_quota": false,
                        "cpu_cfs_quota_period": "",
                        "cpu_manager_policy": "",
                        "pod_pids_limit": 0
                      }
                    ],
                    "labels": {
                      "environment": "production",
                      "workload": "backend"
                    },
                    "linux_node_config": [],
                    "local_nvme_ssd_block_config": [],
                    "local_ssd_count": 0,
                    "logging_variant": "DEFAULT",
                    "machine_type": "e2-standard-4",
                    "metadata": {
                      "disable-legacy-endpoints": "true"
                    },
                    "min_cpu_platform": "",
                    "node_group": "",
                    "oauth_scopes": [
                      "https://www.googleapis.com/auth/cloud-platform"
                    ],
                    "preemptible": false,
                    "reservation_affinity": [],
                    "resource_labels": {
                      "goog-gke-node-pool-provisioning-model": "on-demand"
                    },
                    "service_account": "default",
                    "shielded_instance_config": [
                      {
                        "enable_integrity_monitoring": true,
                        "enable_secure_boot": false
                      }
                    ],
                    "sole_tenant_config": [],
                    "spot": false,
                    "tags": [],
                    "taint": [],
                    "workload_metadata_config": []
                  }
                ],
                "node_count": 1,
                "node_locations": [
                  "us-central1-a"
                ],
                "placement_policy": [],
                "upgrade_settings": [
                  {
                    "blue_green_settings": [],
                    "max_surge": 1,
                    "max_unavailable": 0,
                    "strategy": "SURGE"
                  }
                ],
                "version": "1.33.5-gke.1080000"
              }
            ],
            "node_pool_auto_config": [
              {
                "network_tags": null
              }
            ],
            "node_pool_defaults": [
              {
                "node_config_defaults": [
                  {
                    "logging_variant": "DEFAULT"
                  }
                ]
              }
            ],
            "node_version": "1.33.5-gke.1080000",
            "notification_config": [
              {
                "pubsub": [
                  {
                    "enabled": false,
                    "filter": [],
                    "topic": ""
                  }
                ]
              }
            ],
            "operation": null,
            "private_cluster_config": [
              {
                "enable_private_endpoint": false,
                "enable_private_nodes": false,
                "master_global_access_config": [
                  {
                    "enabled": false
                  }
                ],
                "master_ipv4_cidr_block": "",
                "peering_name": "",
                "private_endpoint": "10.128.0.6",
                "private_endpoint_subnetwork": "",
                "public_endpoint": "34.46.227.216"
              }
            ],
            "private_ipv6_google_access": "",
            "project": "alfa-vox-portfolio",
            "release_channel": [
              {
                "channel": "REGULAR"
              }
            ],
            "remove_default_node_pool": false,
            "resource_labels": null,
            "resource_usage_export_config": [],
            "security_posture_config": [
              {
                "mode": "BASIC",
                "vulnerability_mode": "VULNERABILITY_MODE_UNSPECIFIED"
              }
            ],
            "self_link": "https://container.googleapis.com/v1/projects/alfa-vox-portfolio/zones/us-central1-a/clusters/alfavox-cluster",
            "service_external_ips_config": [
              {
                "enabled": false
              }
            ],
            "services_ipv4_cidr": "10.43.240.0/20",
            "subnetwork": "projects/alfa-vox-portfolio/regions/us-central1/subnetworks/default",
            "timeouts": null,
            "tpu_ipv4_cidr_block": "",
            "vertical_pod_autoscaling": [
              {
                "enabled": true
              }
            ],
            "workload_identity_config": []
          },
          "sensitive_attributes": [],
          "private": "eyJlMmJmYjczMC1lY2FhLTExZTYtOGY4OC0zNDM2M2JjN2M0YzAiOnsiY3JlYXRlIjoyNDAwMDAwMDAwMDAwLCJkZWxldGUiOjI0MDAwMDAwMDAwMDAsInJlYWQiOjI0MDAwMDAwMDAwMDAsInVwZGF0ZSI6MzYwMDAwMDAwMDAwMH0sInNjaGVtYV92ZXJzaW9uIjoiMSJ9"
        }
      ]
    }
  ],
  "check_results": null
}
